// !$*UTF8*$!
{
	archiveVersion = 1;
	classes = {
	};
	objectVersion = 55;
	objects = {

/* Begin PBXBuildFile section */
		C4C7FF38282A5AF800471474 /* OtpDemoApp.swift in Sources */ = {isa = PBXBuildFile; fileRef = C4C7FF37282A5AF800471474 /* OtpDemoApp.swift */; };
		C4C7FF3A282A5AF800471474 /* ContentView.swift in Sources */ = {isa = PBXBuildFile; fileRef = C4C7FF39282A5AF800471474 /* ContentView.swift */; };
		C4C7FF3C282A5AFE00471474 /* Assets.xcassets in Resources */ = {isa = PBXBuildFile; fileRef = C4C7FF3B282A5AFE00471474 /* Assets.xcassets */; };
		C4C7FF3F282A5AFE00471474 /* Preview Assets.xcassets in Resources */ = {isa = PBXBuildFile; fileRef = C4C7FF3E282A5AFE00471474 /* Preview Assets.xcassets */; };
		C4C7FF49282A5AFF00471474 /* OtpDemoTests.swift in Sources */ = {isa = PBXBuildFile; fileRef = C4C7FF48282A5AFF00471474 /* OtpDemoTests.swift */; };
		C4C7FF53282A5AFF00471474 /* OtpDemoUITests.swift in Sources */ = {isa = PBXBuildFile; fileRef = C4C7FF52282A5AFF00471474 /* OtpDemoUITests.swift */; };
		C4C7FF55282A5AFF00471474 /* OtpDemoUITestsLaunchTests.swift in Sources */ = {isa = PBXBuildFile; fileRef = C4C7FF54282A5AFF00471474 /* OtpDemoUITestsLaunchTests.swift */; };
/* End PBXBuildFile section */

/* Begin PBXContainerItemProxy section */
		C4C7FF45282A5AFF00471474 /* PBXContainerItemProxy */ = {
			isa = PBXContainerItemProxy;
			containerPortal = C4C7FF2C282A5AF800471474 /* Project object */;
			proxyType = 1;
			remoteGlobalIDString = C4C7FF33282A5AF800471474;
			remoteInfo = OtpDemo;
		};
		C4C7FF4F282A5AFF00471474 /* PBXContainerItemProxy */ = {
			isa = PBXContainerItemProxy;
			containerPortal = C4C7FF2C282A5AF800471474 /* Project object */;
			proxyType = 1;
			remoteGlobalIDString = C4C7FF33282A5AF800471474;
			remoteInfo = OtpDemo;
		};
/* End PBXContainerItemProxy section */

/* Begin PBXFileReference section */
		C4C7FF34282A5AF800471474 /* OtpDemo.app */ = {isa = PBXFileReference; explicitFileType = wrapper.application; includeInIndex = 0; path = OtpDemo.app; sourceTree = BUILT_PRODUCTS_DIR; };
		C4C7FF37282A5AF800471474 /* OtpDemoApp.swift */ = {isa = PBXFileReference; lastKnownFileType = sourcecode.swift; path = OtpDemoApp.swift; sourceTree = "<group>"; };
		C4C7FF39282A5AF800471474 /* ContentView.swift */ = {isa = PBXFileReference; lastKnownFileType = sourcecode.swift; path = ContentView.swift; sourceTree = "<group>"; };
		C4C7FF3B282A5AFE00471474 /* Assets.xcassets */ = {isa = PBXFileReference; lastKnownFileType = folder.assetcatalog; path = Assets.xcassets; sourceTree = "<group>"; };
		C4C7FF3E282A5AFE00471474 /* Preview Assets.xcassets */ = {isa = PBXFileReference; lastKnownFileType = folder.assetcatalog; path = "Preview Assets.xcassets"; sourceTree = "<group>"; };
		C4C7FF44282A5AFF00471474 /* OtpDemoTests.xctest */ = {isa = PBXFileReference; explicitFileType = wrapper.cfbundle; includeInIndex = 0; path = OtpDemoTests.xctest; sourceTree = BUILT_PRODUCTS_DIR; };
		C4C7FF48282A5AFF00471474 /* OtpDemoTests.swift */ = {isa = PBXFileReference; lastKnownFileType = sourcecode.swift; path = OtpDemoTests.swift; sourceTree = "<group>"; };
		C4C7FF4E282A5AFF00471474 /* OtpDemoUITests.xctest */ = {isa = PBXFileReference; explicitFileType = wrapper.cfbundle; includeInIndex = 0; path = OtpDemoUITests.xctest; sourceTree = BUILT_PRODUCTS_DIR; };
		C4C7FF52282A5AFF00471474 /* OtpDemoUITests.swift */ = {isa = PBXFileReference; lastKnownFileType = sourcecode.swift; path = OtpDemoUITests.swift; sourceTree = "<group>"; };
		C4C7FF54282A5AFF00471474 /* OtpDemoUITestsLaunchTests.swift */ = {isa = PBXFileReference; lastKnownFileType = sourcecode.swift; path = OtpDemoUITestsLaunchTests.swift; sourceTree = "<group>"; };
/* End PBXFileReference section */

/* Begin PBXFrameworksBuildPhase section */
		C4C7FF31282A5AF800471474 /* Frameworks */ = {
			isa = PBXFrameworksBuildPhase;
			buildActionMask = 2147483647;
			files = (
			);
			runOnlyForDeploymentPostprocessing = 0;
		};
		C4C7FF41282A5AFF00471474 /* Frameworks */ = {
			isa = PBXFrameworksBuildPhase;
			buildActionMask = 2147483647;
			files = (
			);
			runOnlyForDeploymentPostprocessing = 0;
		};
		C4C7FF4B282A5AFF00471474 /* Frameworks */ = {
			isa = PBXFrameworksBuildPhase;
			buildActionMask = 2147483647;
			files = (
			);
			runOnlyForDeploymentPostprocessing = 0;
		};
/* End PBXFrameworksBuildPhase section */

/* Begin PBXGroup section */
		C4C7FF2B282A5AF800471474 = {
			isa = PBXGroup;
			children = (
				C4C7FF36282A5AF800471474 /* OtpDemo */,
				C4C7FF47282A5AFF00471474 /* OtpDemoTests */,
				C4C7FF51282A5AFF00471474 /* OtpDemoUITests */,
				C4C7FF35282A5AF800471474 /* Products */,
			);
			sourceTree = "<group>";
		};
		C4C7FF35282A5AF800471474 /* Products */ = {
			isa = PBXGroup;
			children = (
				C4C7FF34282A5AF800471474 /* OtpDemo.app */,
				C4C7FF44282A5AFF00471474 /* OtpDemoTests.xctest */,
				C4C7FF4E282A5AFF00471474 /* OtpDemoUITests.xctest */,
			);
			name = Products;
			sourceTree = "<group>";
		};
		C4C7FF36282A5AF800471474 /* OtpDemo */ = {
			isa = PBXGroup;
			children = (
				C4C7FF37282A5AF800471474 /* OtpDemoApp.swift */,
				C4C7FF39282A5AF800471474 /* ContentView.swift */,
				C4C7FF3B282A5AFE00471474 /* Assets.xcassets */,
				C4C7FF3D282A5AFE00471474 /* Preview Content */,
			);
			path = OtpDemo;
			sourceTree = "<group>";
		};
		C4C7FF3D282A5AFE00471474 /* Preview Content */ = {
			isa = PBXGroup;
			children = (
				C4C7FF3E282A5AFE00471474 /* Preview Assets.xcassets */,
			);
			path = "Preview Content";
			sourceTree = "<group>";
		};
		C4C7FF47282A5AFF00471474 /* OtpDemoTests */ = {
			isa = PBXGroup;
			children = (
				C4C7FF48282A5AFF00471474 /* OtpDemoTests.swift */,
			);
			path = OtpDemoTests;
			sourceTree = "<group>";
		};
		C4C7FF51282A5AFF00471474 /* OtpDemoUITests */ = {
			isa = PBXGroup;
			children = (
				C4C7FF52282A5AFF00471474 /* OtpDemoUITests.swift */,
				C4C7FF54282A5AFF00471474 /* OtpDemoUITestsLaunchTests.swift */,
			);
			path = OtpDemoUITests;
			sourceTree = "<group>";
		};
/* End PBXGroup section */

/* Begin PBXNativeTarget section */
		C4C7FF33282A5AF800471474 /* OtpDemo */ = {
			isa = PBXNativeTarget;
			buildConfigurationList = C4C7FF58282A5AFF00471474 /* Build configuration list for PBXNativeTarget "OtpDemo" */;
			buildPhases = (
				C4C7FF30282A5AF800471474 /* Sources */,
				C4C7FF31282A5AF800471474 /* Frameworks */,
				C4C7FF32282A5AF800471474 /* Resources */,
			);
			buildRules = (
			);
			dependencies = (
			);
			name = OtpDemo;
			productName = OtpDemo;
			productReference = C4C7FF34282A5AF800471474 /* OtpDemo.app */;
			productType = "com.apple.product-type.application";
		};
		C4C7FF43282A5AFF00471474 /* OtpDemoTests */ = {
			isa = PBXNativeTarget;
			buildConfigurationList = C4C7FF5B282A5AFF00471474 /* Build configuration list for PBXNativeTarget "OtpDemoTests" */;
			buildPhases = (
				C4C7FF40282A5AFF00471474 /* Sources */,
				C4C7FF41282A5AFF00471474 /* Frameworks */,
				C4C7FF42282A5AFF00471474 /* Resources */,
			);
			buildRules = (
			);
			dependencies = (
				C4C7FF46282A5AFF00471474 /* PBXTargetDependency */,
			);
			name = OtpDemoTests;
			productName = OtpDemoTests;
			productReference = C4C7FF44282A5AFF00471474 /* OtpDemoTests.xctest */;
			productType = "com.apple.product-type.bundle.unit-test";
		};
		C4C7FF4D282A5AFF00471474 /* OtpDemoUITests */ = {
			isa = PBXNativeTarget;
			buildConfigurationList = C4C7FF5E282A5AFF00471474 /* Build configuration list for PBXNativeTarget "OtpDemoUITests" */;
			buildPhases = (
				C4C7FF4A282A5AFF00471474 /* Sources */,
				C4C7FF4B282A5AFF00471474 /* Frameworks */,
				C4C7FF4C282A5AFF00471474 /* Resources */,
			);
			buildRules = (
			);
			dependencies = (
				C4C7FF50282A5AFF00471474 /* PBXTargetDependency */,
			);
			name = OtpDemoUITests;
			productName = OtpDemoUITests;
			productReference = C4C7FF4E282A5AFF00471474 /* OtpDemoUITests.xctest */;
			productType = "com.apple.product-type.bundle.ui-testing";
		};
/* End PBXNativeTarget section */

/* Begin PBXProject section */
		C4C7FF2C282A5AF800471474 /* Project object */ = {
			isa = PBXProject;
			attributes = {
				BuildIndependentTargetsInParallel = 1;
				LastSwiftUpdateCheck = 1320;
				LastUpgradeCheck = 1320;
				TargetAttributes = {
					C4C7FF33282A5AF800471474 = {
						CreatedOnToolsVersion = 13.2.1;
					};
					C4C7FF43282A5AFF00471474 = {
						CreatedOnToolsVersion = 13.2.1;
						TestTargetID = C4C7FF33282A5AF800471474;
					};
					C4C7FF4D282A5AFF00471474 = {
						CreatedOnToolsVersion = 13.2.1;
						TestTargetID = C4C7FF33282A5AF800471474;
					};
				};
			};
			buildConfigurationList = C4C7FF2F282A5AF800471474 /* Build configuration list for PBXProject "OtpDemo" */;
			compatibilityVersion = "Xcode 13.0";
			developmentRegion = en;
			hasScannedForEncodings = 0;
			knownRegions = (
				en,
				Base,
			);
			mainGroup = C4C7FF2B282A5AF800471474;
			productRefGroup = C4C7FF35282A5AF800471474 /* Products */;
			projectDirPath = "";
			projectRoot = "";
			targets = (
				C4C7FF33282A5AF800471474 /* OtpDemo */,
				C4C7FF43282A5AFF00471474 /* OtpDemoTests */,
				C4C7FF4D282A5AFF00471474 /* OtpDemoUITests */,
			);
		};
/* End PBXProject section */

/* Begin PBXResourcesBuildPhase section */
		C4C7FF32282A5AF800471474 /* Resources */ = {
			isa = PBXResourcesBuildPhase;
			buildActionMask = 2147483647;
			files = (
				C4C7FF3F282A5AFE00471474 /* Preview Assets.xcassets in Resources */,
				C4C7FF3C282A5AFE00471474 /* Assets.xcassets in Resources */,
			);
			runOnlyForDeploymentPostprocessing = 0;
		};
		C4C7FF42282A5AFF00471474 /* Resources */ = {
			isa = PBXResourcesBuildPhase;
			buildActionMask = 2147483647;
			files = (
			);
			runOnlyForDeploymentPostprocessing = 0;
		};
		C4C7FF4C282A5AFF00471474 /* Resources */ = {
			isa = PBXResourcesBuildPhase;
			buildActionMask = 2147483647;
			files = (
			);
			runOnlyForDeploymentPostprocessing = 0;
		};
/* End PBXResourcesBuildPhase section */

/* Begin PBXSourcesBuildPhase section */
		C4C7FF30282A5AF800471474 /* Sources */ = {
			isa = PBXSourcesBuildPhase;
			buildActionMask = 2147483647;
			files = (
				C4C7FF3A282A5AF800471474 /* ContentView.swift in Sources */,
				C4C7FF38282A5AF800471474 /* OtpDemoApp.swift in Sources */,
			);
			runOnlyForDeploymentPostprocessing = 0;
		};
		C4C7FF40282A5AFF00471474 /* Sources */ = {
			isa = PBXSourcesBuildPhase;
			buildActionMask = 2147483647;
			files = (
				C4C7FF49282A5AFF00471474 /* OtpDemoTests.swift in Sources */,
			);
			runOnlyForDeploymentPostprocessing = 0;
		};
		C4C7FF4A282A5AFF00471474 /* Sources */ = {
			isa = PBXSourcesBuildPhase;
			buildActionMask = 2147483647;
			files = (
				C4C7FF53282A5AFF00471474 /* OtpDemoUITests.swift in Sources */,
				C4C7FF55282A5AFF00471474 /* OtpDemoUITestsLaunchTests.swift in Sources */,
			);
			runOnlyForDeploymentPostprocessing = 0;
		};
/* End PBXSourcesBuildPhase section */

/* Begin PBXTargetDependency section */
		C4C7FF46282A5AFF00471474 /* PBXTargetDependency */ = {
			isa = PBXTargetDependency;
			target = C4C7FF33282A5AF800471474 /* OtpDemo */;
			targetProxy = C4C7FF45282A5AFF00471474 /* PBXContainerItemProxy */;
		};
		C4C7FF50282A5AFF00471474 /* PBXTargetDependency */ = {
			isa = PBXTargetDependency;
			target = C4C7FF33282A5AF800471474 /* OtpDemo */;
			targetProxy = C4C7FF4F282A5AFF00471474 /* PBXContainerItemProxy */;
		};
/* End PBXTargetDependency section */

/* Begin XCBuildConfiguration section */
		C4C7FF56282A5AFF00471474 /* Debug */ = {
			isa = XCBuildConfiguration;
			buildSettings = {
				ALWAYS_SEARCH_USER_PATHS = NO;
				CLANG_ANALYZER_NONNULL = YES;
				CLANG_ANALYZER_NUMBER_OBJECT_CONVERSION = YES_AGGRESSIVE;
				CLANG_CXX_LANGUAGE_STANDARD = "gnu++17";
				CLANG_CXX_LIBRARY = "libc++";
				CLANG_ENABLE_MODULES = YES;
				CLANG_ENABLE_OBJC_ARC = YES;
				CLANG_ENABLE_OBJC_WEAK = YES;
				CLANG_WARN_BLOCK_CAPTURE_AUTORELEASING = YES;
				CLANG_WARN_BOOL_CONVERSION = YES;
				CLANG_WARN_COMMA = YES;
				CLANG_WARN_CONSTANT_CONVERSION = YES;
				CLANG_WARN_DEPRECATED_OBJC_IMPLEMENTATIONS = YES;
				CLANG_WARN_DIRECT_OBJC_ISA_USAGE = YES_ERROR;
				CLANG_WARN_DOCUMENTATION_COMMENTS = YES;
				CLANG_WARN_EMPTY_BODY = YES;
				CLANG_WARN_ENUM_CONVERSION = YES;
				CLANG_WARN_INFINITE_RECURSION = YES;
				CLANG_WARN_INT_CONVERSION = YES;
				CLANG_WARN_NON_LITERAL_NULL_CONVERSION = YES;
				CLANG_WARN_OBJC_IMPLICIT_RETAIN_SELF = YES;
				CLANG_WARN_OBJC_LITERAL_CONVERSION = YES;
				CLANG_WARN_OBJC_ROOT_CLASS = YES_ERROR;
				CLANG_WARN_QUOTED_INCLUDE_IN_FRAMEWORK_HEADER = YES;
				CLANG_WARN_RANGE_LOOP_ANALYSIS = YES;
				CLANG_WARN_STRICT_PROTOTYPES = YES;
				CLANG_WARN_SUSPICIOUS_MOVE = YES;
				CLANG_WARN_UNGUARDED_AVAILABILITY = YES_AGGRESSIVE;
				CLANG_WARN_UNREACHABLE_CODE = YES;
				CLANG_WARN__DUPLICATE_METHOD_MATCH = YES;
				COPY_PHASE_STRIP = NO;
				DEBUG_INFORMATION_FORMAT = dwarf;
				ENABLE_STRICT_OBJC_MSGSEND = YES;
				ENABLE_TESTABILITY = YES;
				GCC_C_LANGUAGE_STANDARD = gnu11;
				GCC_DYNAMIC_NO_PIC = NO;
				GCC_NO_COMMON_BLOCKS = YES;
				GCC_OPTIMIZATION_LEVEL = 0;
				GCC_PREPROCESSOR_DEFINITIONS = (
					"DEBUG=1",
					"$(inherited)",
				);
				GCC_WARN_64_TO_32_BIT_CONVERSION = YES;
				GCC_WARN_ABOUT_RETURN_TYPE = YES_ERROR;
				GCC_WARN_UNDECLARED_SELECTOR = YES;
				GCC_WARN_UNINITIALIZED_AUTOS = YES_AGGRESSIVE;
				GCC_WARN_UNUSED_FUNCTION = YES;
				GCC_WARN_UNUSED_VARIABLE = YES;
				IPHONEOS_DEPLOYMENT_TARGET = 15.2;
				MTL_ENABLE_DEBUG_INFO = INCLUDE_SOURCE;
				MTL_FAST_MATH = YES;
				ONLY_ACTIVE_ARCH = YES;
				SDKROOT = iphoneos;
				SWIFT_ACTIVE_COMPILATION_CONDITIONS = DEBUG;
				SWIFT_OPTIMIZATION_LEVEL = "-Onone";
			};
			name = Debug;
		};
		C4C7FF57282A5AFF00471474 /* Release */ = {
			isa = XCBuildConfiguration;
			buildSettings = {
				ALWAYS_SEARCH_USER_PATHS = NO;
				CLANG_ANALYZER_NONNULL = YES;
				CLANG_ANALYZER_NUMBER_OBJECT_CONVERSION = YES_AGGRESSIVE;
				CLANG_CXX_LANGUAGE_STANDARD = "gnu++17";
				CLANG_CXX_LIBRARY = "libc++";
				CLANG_ENABLE_MODULES = YES;
				CLANG_ENABLE_OBJC_ARC = YES;
				CLANG_ENABLE_OBJC_WEAK = YES;
				CLANG_WARN_BLOCK_CAPTURE_AUTORELEASING = YES;
				CLANG_WARN_BOOL_CONVERSION = YES;
				CLANG_WARN_COMMA = YES;
				CLANG_WARN_CONSTANT_CONVERSION = YES;
				CLANG_WARN_DEPRECATED_OBJC_IMPLEMENTATIONS = YES;
				CLANG_WARN_DIRECT_OBJC_ISA_USAGE = YES_ERROR;
				CLANG_WARN_DOCUMENTATION_COMMENTS = YES;
				CLANG_WARN_EMPTY_BODY = YES;
				CLANG_WARN_ENUM_CONVERSION = YES;
				CLANG_WARN_INFINITE_RECURSION = YES;
				CLANG_WARN_INT_CONVERSION = YES;
				CLANG_WARN_NON_LITERAL_NULL_CONVERSION = YES;
				CLANG_WARN_OBJC_IMPLICIT_RETAIN_SELF = YES;
				CLANG_WARN_OBJC_LITERAL_CONVERSION = YES;
				CLANG_WARN_OBJC_ROOT_CLASS = YES_ERROR;
				CLANG_WARN_QUOTED_INCLUDE_IN_FRAMEWORK_HEADER = YES;
				CLANG_WARN_RANGE_LOOP_ANALYSIS = YES;
				CLANG_WARN_STRICT_PROTOTYPES = YES;
				CLANG_WARN_SUSPICIOUS_MOVE = YES;
				CLANG_WARN_UNGUARDED_AVAILABILITY = YES_AGGRESSIVE;
				CLANG_WARN_UNREACHABLE_CODE = YES;
				CLANG_WARN__DUPLICATE_METHOD_MATCH = YES;
				COPY_PHASE_STRIP = NO;
				DEBUG_INFORMATION_FORMAT = "dwarf-with-dsym";
				ENABLE_NS_ASSERTIONS = NO;
				ENABLE_STRICT_OBJC_MSGSEND = YES;
				GCC_C_LANGUAGE_STANDARD = gnu11;
				GCC_NO_COMMON_BLOCKS = YES;
				GCC_WARN_64_TO_32_BIT_CONVERSION = YES;
				GCC_WARN_ABOUT_RETURN_TYPE = YES_ERROR;
				GCC_WARN_UNDECLARED_SELECTOR = YES;
				GCC_WARN_UNINITIALIZED_AUTOS = YES_AGGRESSIVE;
				GCC_WARN_UNUSED_FUNCTION = YES;
				GCC_WARN_UNUSED_VARIABLE = YES;
				IPHONEOS_DEPLOYMENT_TARGET = 15.2;
				MTL_ENABLE_DEBUG_INFO = NO;
				MTL_FAST_MATH = YES;
				SDKROOT = iphoneos;
				SWIFT_COMPILATION_MODE = wholemodule;
				SWIFT_OPTIMIZATION_LEVEL = "-O";
				VALIDATE_PRODUCT = YES;
			};
			name = Release;
		};
		C4C7FF59282A5AFF00471474 /* Debug */ = {
			isa = XCBuildConfiguration;
			buildSettings = {
				ASSETCATALOG_COMPILER_APPICON_NAME = AppIcon;
				ASSETCATALOG_COMPILER_GLOBAL_ACCENT_COLOR_NAME = AccentColor;
				CODE_SIGN_STYLE = Automatic;
				CURRENT_PROJECT_VERSION = 1;
				DEVELOPMENT_ASSET_PATHS = "\"OtpDemo/Preview Content\"";
				DEVELOPMENT_TEAM = 7KN74ZHQJ3;
				ENABLE_PREVIEWS = YES;
				GENERATE_INFOPLIST_FILE = YES;
				INFOPLIST_KEY_UIApplicationSceneManifest_Generation = YES;
				INFOPLIST_KEY_UIApplicationSupportsIndirectInputEvents = YES;
				INFOPLIST_KEY_UILaunchScreen_Generation = YES;
				INFOPLIST_KEY_UISupportedInterfaceOrientations_iPad = "UIInterfaceOrientationPortrait UIInterfaceOrientationPortraitUpsideDown UIInterfaceOrientationLandscapeLeft UIInterfaceOrientationLandscapeRight";
				INFOPLIST_KEY_UISupportedInterfaceOrientations_iPhone = "UIInterfaceOrientationPortrait UIInterfaceOrientationLandscapeLeft UIInterfaceOrientationLandscapeRight";
				LD_RUNPATH_SEARCH_PATHS = (
					"$(inherited)",
					"@executable_path/Frameworks",
				);
				MARKETING_VERSION = 1.0;
				PRODUCT_BUNDLE_IDENTIFIER = com.pnam.OtpDemo;
				PRODUCT_NAME = "$(TARGET_NAME)";
				SWIFT_EMIT_LOC_STRINGS = YES;
				SWIFT_VERSION = 5.0;
				TARGETED_DEVICE_FAMILY = "1,2";
			};
			name = Debug;
		};
		C4C7FF5A282A5AFF00471474 /* Release */ = {
			isa = XCBuildConfiguration;
			buildSettings = {
				ASSETCATALOG_COMPILER_APPICON_NAME = AppIcon;
				ASSETCATALOG_COMPILER_GLOBAL_ACCENT_COLOR_NAME = AccentColor;
				CODE_SIGN_STYLE = Automatic;
				CURRENT_PROJECT_VERSION = 1;
				DEVELOPMENT_ASSET_PATHS = "\"OtpDemo/Preview Content\"";
				DEVELOPMENT_TEAM = 7KN74ZHQJ3;
				ENABLE_PREVIEWS = YES;
				GENERATE_INFOPLIST_FILE = YES;
				INFOPLIST_KEY_UIApplicationSceneManifest_Generation = YES;
				INFOPLIST_KEY_UIApplicationSupportsIndirectInputEvents = YES;
				INFOPLIST_KEY_UILaunchScreen_Generation = YES;
				INFOPLIST_KEY_UISupportedInterfaceOrientations_iPad = "UIInterfaceOrientationPortrait UIInterfaceOrientationPortraitUpsideDown UIInterfaceOrientationLandscapeLeft UIInterfaceOrientationLandscapeRight";
				INFOPLIST_KEY_UISupportedInterfaceOrientations_iPhone = "UIInterfaceOrientationPortrait UIInterfaceOrientationLandscapeLeft UIInterfaceOrientationLandscapeRight";
				LD_RUNPATH_SEARCH_PATHS = (
					"$(inherited)",
					"@executable_path/Frameworks",
				);
				MARKETING_VERSION = 1.0;
				PRODUCT_BUNDLE_IDENTIFIER = com.pnam.OtpDemo;
				PRODUCT_NAME = "$(TARGET_NAME)";
				SWIFT_EMIT_LOC_STRINGS = YES;
				SWIFT_VERSION = 5.0;
				TARGETED_DEVICE_FAMILY = "1,2";
			};
			name = Release;
		};
		C4C7FF5C282A5AFF00471474 /* Debug */ = {
			isa = XCBuildConfiguration;
			buildSettings = {
				ALWAYS_EMBED_SWIFT_STANDARD_LIBRARIES = YES;
				BUNDLE_LOADER = "$(TEST_HOST)";
				CODE_SIGN_STYLE = Automatic;
				CURRENT_PROJECT_VERSION = 1;
				DEVELOPMENT_TEAM = 7KN74ZHQJ3;
				GENERATE_INFOPLIST_FILE = YES;
				IPHONEOS_DEPLOYMENT_TARGET = 15.2;
				MARKETING_VERSION = 1.0;
				PRODUCT_BUNDLE_IDENTIFIER = com.pnam.OtpDemoTests;
				PRODUCT_NAME = "$(TARGET_NAME)";
				SWIFT_EMIT_LOC_STRINGS = NO;
				SWIFT_VERSION = 5.0;
				TARGETED_DEVICE_FAMILY = "1,2";
				TEST_HOST = "$(BUILT_PRODUCTS_DIR)/OtpDemo.app/OtpDemo";
			};
			name = Debug;
		};
		C4C7FF5D282A5AFF00471474 /* Release */ = {
			isa = XCBuildConfiguration;
			buildSettings = {
				ALWAYS_EMBED_SWIFT_STANDARD_LIBRARIES = YES;
				BUNDLE_LOADER = "$(TEST_HOST)";
				CODE_SIGN_STYLE = Automatic;
				CURRENT_PROJECT_VERSION = 1;
				DEVELOPMENT_TEAM = 7KN74ZHQJ3;
				GENERATE_INFOPLIST_FILE = YES;
				IPHONEOS_DEPLOYMENT_TARGET = 15.2;
				MARKETING_VERSION = 1.0;
				PRODUCT_BUNDLE_IDENTIFIER = com.pnam.OtpDemoTests;
				PRODUCT_NAME = "$(TARGET_NAME)";
				SWIFT_EMIT_LOC_STRINGS = NO;
				SWIFT_VERSION = 5.0;
				TARGETED_DEVICE_FAMILY = "1,2";
				TEST_HOST = "$(BUILT_PRODUCTS_DIR)/OtpDemo.app/OtpDemo";
			};
			name = Release;
		};
		C4C7FF5F282A5AFF00471474 /* Debug */ = {
			isa = XCBuildConfiguration;
			buildSettings = {
				ALWAYS_EMBED_SWIFT_STANDARD_LIBRARIES = YES;
				CODE_SIGN_STYLE = Automatic;
				CURRENT_PROJECT_VERSION = 1;
				DEVELOPMENT_TEAM = 7KN74ZHQJ3;
				GENERATE_INFOPLIST_FILE = YES;
				MARKETING_VERSION = 1.0;
				PRODUCT_BUNDLE_IDENTIFIER = com.pnam.OtpDemoUITests;
				PRODUCT_NAME = "$(TARGET_NAME)";
				SWIFT_EMIT_LOC_STRINGS = NO;
				SWIFT_VERSION = 5.0;
				TARGETED_DEVICE_FAMILY = "1,2";
				TEST_TARGET_NAME = OtpDemo;
			};
			name = Debug;
		};
		C4C7FF60282A5AFF00471474 /* Release */ = {
			isa = XCBuildConfiguration;
			buildSettings = {
				ALWAYS_EMBED_SWIFT_STANDARD_LIBRARIES = YES;
				CODE_SIGN_STYLE = Automatic;
				CURRENT_PROJECT_VERSION = 1;
				DEVELOPMENT_TEAM = 7KN74ZHQJ3;
				GENERATE_INFOPLIST_FILE = YES;
				MARKETING_VERSION = 1.0;
				PRODUCT_BUNDLE_IDENTIFIER = com.pnam.OtpDemoUITests;
				PRODUCT_NAME = "$(TARGET_NAME)";
				SWIFT_EMIT_LOC_STRINGS = NO;
				SWIFT_VERSION = 5.0;
				TARGETED_DEVICE_FAMILY = "1,2";
				TEST_TARGET_NAME = OtpDemo;
			};
			name = Release;
		};
/* End XCBuildConfiguration section */

/* Begin XCConfigurationList section */
		C4C7FF2F282A5AF800471474 /* Build configuration list for PBXProject "OtpDemo" */ = {
			isa = XCConfigurationList;
			buildConfigurations = (
				C4C7FF56282A5AFF00471474 /* Debug */,
				C4C7FF57282A5AFF00471474 /* Release */,
			);
			defaultConfigurationIsVisible = 0;
			defaultConfigurationName = Release;
		};
		C4C7FF58282A5AFF00471474 /* Build configuration list for PBXNativeTarget "OtpDemo" */ = {
			isa = XCConfigurationList;
			buildConfigurations = (
				C4C7FF59282A5AFF00471474 /* Debug */,
				C4C7FF5A282A5AFF00471474 /* Release */,
			);
			defaultConfigurationIsVisible = 0;
			defaultConfigurationName = Release;
		};
		C4C7FF5B282A5AFF00471474 /* Build configuration list for PBXNativeTarget "OtpDemoTests" */ = {
			isa = XCConfigurationList;
			buildConfigurations = (
				C4C7FF5C282A5AFF00471474 /* Debug */,
				C4C7FF5D282A5AFF00471474 /* Release */,
			);
			defaultConfigurationIsVisible = 0;
			defaultConfigurationName = Release;
		};
		C4C7FF5E282A5AFF00471474 /* Build configuration list for PBXNativeTarget "OtpDemoUITests" */ = {
			isa = XCConfigurationList;
			buildConfigurations = (
				C4C7FF5F282A5AFF00471474 /* Debug */,
				C4C7FF60282A5AFF00471474 /* Release */,
			);
			defaultConfigurationIsVisible = 0;
			defaultConfigurationName = Release;
		};
/* End XCConfigurationList section */
	};
	rootObject = C4C7FF2C282A5AF800471474 /* Project object */;
}
